
Microsoft Visual Studio Solution File, Format Version 12.00
# Visual Studio Version 16
VisualStudioVersion = 16.0.28729.10
MinimumVisualStudioVersion = 10.0.40219.1
Project("{2150E333-8FDC-42A3-9474-1A3956D46DE8}") = "doc", "doc", "{A4477955-B4AC-4A0A-ADA9-EAB3201F9498}"
	ProjectSection(SolutionItems) = preProject
		.editorconfig = .editorconfig
		.gitignore = .gitignore
		README.md = README.md
	EndProjectSection
EndProject
Project("{2150E333-8FDC-42A3-9474-1A3956D46DE8}") = "src", "src", "{4B58EFE1-8831-444C-B64C-56C8860FAA6F}"
EndProject
Project("{2150E333-8FDC-42A3-9474-1A3956D46DE8}") = "test", "test", "{3C56CD61-BE2C-4917-9D2F-460D4487508A}"
EndProject
Project("{2150E333-8FDC-42A3-9474-1A3956D46DE8}") = "deploy", "deploy", "{FFB64F5F-440E-4EC4-AAF5-E497FCCC6A85}"
EndProject
Project("{FAE04EC0-301F-11D3-BF4B-00C04F79EFBC}") = "XO.Web", "src\XO.Web\XO.Web.csproj", "{D94FC81E-0902-4E53-B581-5DB84A5E710A}"
EndProject
Project("{2150E333-8FDC-42A3-9474-1A3956D46DE8}") = "unit", "unit", "{41F3D7C0-EEAC-47D8-9B1A-246298A9944C}"
EndProject
Project("{2150E333-8FDC-42A3-9474-1A3956D46DE8}") = "release", "release", "{6B2CF74C-EF6F-4904-893D-44E500359E61}"
EndProject
Project("{FAE04EC0-301F-11D3-BF4B-00C04F79EFBC}") = "XO", "src\XO\XO.csproj", "{1A14DAFE-48E2-4866-901C-3FC602E90AE1}"
EndProject
Global
	GlobalSection(SolutionConfigurationPlatforms) = preSolution
		Debug|Any CPU = Debug|Any CPU
		Release|Any CPU = Release|Any CPU
	EndGlobalSection
	GlobalSection(ProjectConfigurationPlatforms) = postSolution
		{D94FC81E-0902-4E53-B581-5DB84A5E710A}.Debug|Any CPU.ActiveCfg = Debug|Any CPU
		{D94FC81E-0902-4E53-B581-5DB84A5E710A}.Debug|Any CPU.Build.0 = Debug|Any CPU
		{D94FC81E-0902-4E53-B581-5DB84A5E710A}.Release|Any CPU.ActiveCfg = Release|Any CPU
		{D94FC81E-0902-4E53-B581-5DB84A5E710A}.Release|Any CPU.Build.0 = Release|Any CPU
		{1A14DAFE-48E2-4866-901C-3FC602E90AE1}.Debug|Any CPU.ActiveCfg = Debug|Any CPU
		{1A14DAFE-48E2-4866-901C-3FC602E90AE1}.Debug|Any CPU.Build.0 = Debug|Any CPU
		{1A14DAFE-48E2-4866-901C-3FC602E90AE1}.Release|Any CPU.ActiveCfg = Release|Any CPU
		{1A14DAFE-48E2-4866-901C-3FC602E90AE1}.Release|Any CPU.Build.0 = Release|Any CPU
	EndGlobalSection
	GlobalSection(SolutionProperties) = preSolution
		HideSolutionNode = FALSE
	EndGlobalSection
	GlobalSection(NestedProjects) = preSolution
		{D94FC81E-0902-4E53-B581-5DB84A5E710A} = {4B58EFE1-8831-444C-B64C-56C8860FAA6F}
		{41F3D7C0-EEAC-47D8-9B1A-246298A9944C} = {3C56CD61-BE2C-4917-9D2F-460D4487508A}
		{6B2CF74C-EF6F-4904-893D-44E500359E61} = {3C56CD61-BE2C-4917-9D2F-460D4487508A}
		{1A14DAFE-48E2-4866-901C-3FC602E90AE1} = {4B58EFE1-8831-444C-B64C-56C8860FAA6F}
	EndGlobalSection
	GlobalSection(ExtensibilityGlobals) = postSolution
		SolutionGuid = {E826B456-71A5-43F1-BD76-4A6E7A158BC8}
	EndGlobalSection
EndGlobal
